// !$*UTF8*$!
{
	archiveVersion = 1;
	classes = {
	};
	objectVersion = 56;
	objects = {

/* Begin PBXBuildFile section */
		C9271C2629688A0F000FA9AE /* ViewController.swift in Sources */ = {isa = PBXBuildFile; fileRef = C927E68A29652D21002C5B86 /* ViewController.swift */; };
		C927E68729652D21002C5B86 /* AppDelegate.swift in Sources */ = {isa = PBXBuildFile; fileRef = C927E68629652D21002C5B86 /* AppDelegate.swift */; };
		C927E68929652D21002C5B86 /* SceneDelegate.swift in Sources */ = {isa = PBXBuildFile; fileRef = C927E68829652D21002C5B86 /* SceneDelegate.swift */; };
		C927E68E29652D21002C5B86 /* Main.storyboard in Resources */ = {isa = PBXBuildFile; fileRef = C927E68C29652D21002C5B86 /* Main.storyboard */; };
		C927E69029652D22002C5B86 /* Assets.xcassets in Resources */ = {isa = PBXBuildFile; fileRef = C927E68F29652D22002C5B86 /* Assets.xcassets */; };
		C927E69329652D22002C5B86 /* LaunchScreen.storyboard in Resources */ = {isa = PBXBuildFile; fileRef = C927E69129652D22002C5B86 /* LaunchScreen.storyboard */; };
		C927E69E29652D23002C5B86 /* Remember_SpellingTests.swift in Sources */ = {isa = PBXBuildFile; fileRef = C927E69D29652D23002C5B86 /* Remember_SpellingTests.swift */; };
		C927E6A829652D23002C5B86 /* Remember_SpellingUITests.swift in Sources */ = {isa = PBXBuildFile; fileRef = C927E6A729652D23002C5B86 /* Remember_SpellingUITests.swift */; };
		C927E6AA29652D23002C5B86 /* Remember_SpellingUITestsLaunchTests.swift in Sources */ = {isa = PBXBuildFile; fileRef = C927E6A929652D23002C5B86 /* Remember_SpellingUITestsLaunchTests.swift */; };
		C927E6BA29668718002C5B86 /* CollectionViewCell.swift in Sources */ = {isa = PBXBuildFile; fileRef = C927E6B829668718002C5B86 /* CollectionViewCell.swift */; };
		C927E6BB29668718002C5B86 /* CollectionViewCell.xib in Resources */ = {isa = PBXBuildFile; fileRef = C927E6B929668718002C5B86 /* CollectionViewCell.xib */; };
/* End PBXBuildFile section */

/* Begin PBXContainerItemProxy section */
		C927E69A29652D23002C5B86 /* PBXContainerItemProxy */ = {
			isa = PBXContainerItemProxy;
			containerPortal = C927E67B29652D21002C5B86 /* Project object */;
			proxyType = 1;
			remoteGlobalIDString = C927E68229652D21002C5B86;
			remoteInfo = "Remember Spelling";
		};
		C927E6A429652D23002C5B86 /* PBXContainerItemProxy */ = {
			isa = PBXContainerItemProxy;
			containerPortal = C927E67B29652D21002C5B86 /* Project object */;
			proxyType = 1;
			remoteGlobalIDString = C927E68229652D21002C5B86;
			remoteInfo = "Remember Spelling";
		};
/* End PBXContainerItemProxy section */

/* Begin PBXFileReference section */
		C927E68329652D21002C5B86 /* Remember Spelling.app */ = {isa = PBXFileReference; explicitFileType = wrapper.application; includeInIndex = 0; path = "Remember Spelling.app"; sourceTree = BUILT_PRODUCTS_DIR; };
		C927E68629652D21002C5B86 /* AppDelegate.swift */ = {isa = PBXFileReference; lastKnownFileType = sourcecode.swift; path = AppDelegate.swift; sourceTree = "<group>"; };
		C927E68829652D21002C5B86 /* SceneDelegate.swift */ = {isa = PBXFileReference; lastKnownFileType = sourcecode.swift; path = SceneDelegate.swift; sourceTree = "<group>"; };
		C927E68A29652D21002C5B86 /* ViewController.swift */ = {isa = PBXFileReference; lastKnownFileType = sourcecode.swift; path = ViewController.swift; sourceTree = "<group>"; };
		C927E68D29652D21002C5B86 /* Base */ = {isa = PBXFileReference; lastKnownFileType = file.storyboard; name = Base; path = Base.lproj/Main.storyboard; sourceTree = "<group>"; };
		C927E68F29652D22002C5B86 /* Assets.xcassets */ = {isa = PBXFileReference; lastKnownFileType = folder.assetcatalog; path = Assets.xcassets; sourceTree = "<group>"; };
		C927E69229652D22002C5B86 /* Base */ = {isa = PBXFileReference; lastKnownFileType = file.storyboard; name = Base; path = Base.lproj/LaunchScreen.storyboard; sourceTree = "<group>"; };
		C927E69429652D22002C5B86 /* Info.plist */ = {isa = PBXFileReference; lastKnownFileType = text.plist.xml; path = Info.plist; sourceTree = "<group>"; };
		C927E69929652D23002C5B86 /* Remember SpellingTests.xctest */ = {isa = PBXFileReference; explicitFileType = wrapper.cfbundle; includeInIndex = 0; path = "Remember SpellingTests.xctest"; sourceTree = BUILT_PRODUCTS_DIR; };
		C927E69D29652D23002C5B86 /* Remember_SpellingTests.swift */ = {isa = PBXFileReference; lastKnownFileType = sourcecode.swift; path = Remember_SpellingTests.swift; sourceTree = "<group>"; };
		C927E6A329652D23002C5B86 /* Remember SpellingUITests.xctest */ = {isa = PBXFileReference; explicitFileType = wrapper.cfbundle; includeInIndex = 0; path = "Remember SpellingUITests.xctest"; sourceTree = BUILT_PRODUCTS_DIR; };
		C927E6A729652D23002C5B86 /* Remember_SpellingUITests.swift */ = {isa = PBXFileReference; lastKnownFileType = sourcecode.swift; path = Remember_SpellingUITests.swift; sourceTree = "<group>"; };
		C927E6A929652D23002C5B86 /* Remember_SpellingUITestsLaunchTests.swift */ = {isa = PBXFileReference; lastKnownFileType = sourcecode.swift; path = Remember_SpellingUITestsLaunchTests.swift; sourceTree = "<group>"; };
		C927E6B829668718002C5B86 /* CollectionViewCell.swift */ = {isa = PBXFileReference; lastKnownFileType = sourcecode.swift; path = CollectionViewCell.swift; sourceTree = "<group>"; };
		C927E6B929668718002C5B86 /* CollectionViewCell.xib */ = {isa = PBXFileReference; lastKnownFileType = file.xib; path = CollectionViewCell.xib; sourceTree = "<group>"; };
/* End PBXFileReference section */

/* Begin PBXFrameworksBuildPhase section */
		C927E68029652D21002C5B86 /* Frameworks */ = {
			isa = PBXFrameworksBuildPhase;
			buildActionMask = 2147483647;
			files = (
			);
			runOnlyForDeploymentPostprocessing = 0;
		};
		C927E69629652D23002C5B86 /* Frameworks */ = {
			isa = PBXFrameworksBuildPhase;
			buildActionMask = 2147483647;
			files = (
			);
			runOnlyForDeploymentPostprocessing = 0;
		};
		C927E6A029652D23002C5B86 /* Frameworks */ = {
			isa = PBXFrameworksBuildPhase;
			buildActionMask = 2147483647;
			files = (
			);
			runOnlyForDeploymentPostprocessing = 0;
		};
/* End PBXFrameworksBuildPhase section */

/* Begin PBXGroup section */
		C927E67A29652D21002C5B86 = {
			isa = PBXGroup;
			children = (
				C927E6B829668718002C5B86 /* CollectionViewCell.swift */,
				C927E6B929668718002C5B86 /* CollectionViewCell.xib */,
				C927E68529652D21002C5B86 /* Remember Spelling */,
				C927E69C29652D23002C5B86 /* Remember SpellingTests */,
				C927E6A629652D23002C5B86 /* Remember SpellingUITests */,
				C927E68429652D21002C5B86 /* Products */,
			);
			sourceTree = "<group>";
		};
		C927E68429652D21002C5B86 /* Products */ = {
			isa = PBXGroup;
			children = (
				C927E68329652D21002C5B86 /* Remember Spelling.app */,
				C927E69929652D23002C5B86 /* Remember SpellingTests.xctest */,
				C927E6A329652D23002C5B86 /* Remember SpellingUITests.xctest */,
			);
			name = Products;
			sourceTree = "<group>";
		};
		C927E68529652D21002C5B86 /* Remember Spelling */ = {
			isa = PBXGroup;
			children = (
				C927E68629652D21002C5B86 /* AppDelegate.swift */,
				C927E68829652D21002C5B86 /* SceneDelegate.swift */,
				C927E68A29652D21002C5B86 /* ViewController.swift */,
				C927E68C29652D21002C5B86 /* Main.storyboard */,
				C927E68F29652D22002C5B86 /* Assets.xcassets */,
				C927E69129652D22002C5B86 /* LaunchScreen.storyboard */,
				C927E69429652D22002C5B86 /* Info.plist */,
			);
			path = "Remember Spelling";
			sourceTree = "<group>";
		};
		C927E69C29652D23002C5B86 /* Remember SpellingTests */ = {
			isa = PBXGroup;
			children = (
				C927E69D29652D23002C5B86 /* Remember_SpellingTests.swift */,
			);
			path = "Remember SpellingTests";
			sourceTree = "<group>";
		};
		C927E6A629652D23002C5B86 /* Remember SpellingUITests */ = {
			isa = PBXGroup;
			children = (
				C927E6A729652D23002C5B86 /* Remember_SpellingUITests.swift */,
				C927E6A929652D23002C5B86 /* Remember_SpellingUITestsLaunchTests.swift */,
			);
			path = "Remember SpellingUITests";
			sourceTree = "<group>";
		};
/* End PBXGroup section */

/* Begin PBXNativeTarget section */
		C927E68229652D21002C5B86 /* Remember Spelling */ = {
			isa = PBXNativeTarget;
			buildConfigurationList = C927E6AD29652D23002C5B86 /* Build configuration list for PBXNativeTarget "Remember Spelling" */;
			buildPhases = (
				C927E67F29652D21002C5B86 /* Sources */,
				C927E68029652D21002C5B86 /* Frameworks */,
				C927E68129652D21002C5B86 /* Resources */,
			);
			buildRules = (
			);
			dependencies = (
			);
			name = "Remember Spelling";
			productName = "Remember Spelling";
			productReference = C927E68329652D21002C5B86 /* Remember Spelling.app */;
			productType = "com.apple.product-type.application";
		};
		C927E69829652D23002C5B86 /* Remember SpellingTests */ = {
			isa = PBXNativeTarget;
			buildConfigurationList = C927E6B029652D23002C5B86 /* Build configuration list for PBXNativeTarget "Remember SpellingTests" */;
			buildPhases = (
				C927E69529652D23002C5B86 /* Sources */,
				C927E69629652D23002C5B86 /* Frameworks */,
				C927E69729652D23002C5B86 /* Resources */,
			);
			buildRules = (
			);
			dependencies = (
				C927E69B29652D23002C5B86 /* PBXTargetDependency */,
			);
			name = "Remember SpellingTests";
			productName = "Remember SpellingTests";
			productReference = C927E69929652D23002C5B86 /* Remember SpellingTests.xctest */;
			productType = "com.apple.product-type.bundle.unit-test";
		};
		C927E6A229652D23002C5B86 /* Remember SpellingUITests */ = {
			isa = PBXNativeTarget;
			buildConfigurationList = C927E6B329652D23002C5B86 /* Build configuration list for PBXNativeTarget "Remember SpellingUITests" */;
			buildPhases = (
				C927E69F29652D23002C5B86 /* Sources */,
				C927E6A029652D23002C5B86 /* Frameworks */,
				C927E6A129652D23002C5B86 /* Resources */,
			);
			buildRules = (
			);
			dependencies = (
				C927E6A529652D23002C5B86 /* PBXTargetDependency */,
			);
			name = "Remember SpellingUITests";
			productName = "Remember SpellingUITests";
			productReference = C927E6A329652D23002C5B86 /* Remember SpellingUITests.xctest */;
			productType = "com.apple.product-type.bundle.ui-testing";
		};
/* End PBXNativeTarget section */

/* Begin PBXProject section */
		C927E67B29652D21002C5B86 /* Project object */ = {
			isa = PBXProject;
			attributes = {
				BuildIndependentTargetsInParallel = 1;
				LastSwiftUpdateCheck = 1420;
				LastUpgradeCheck = 1420;
				TargetAttributes = {
					C927E68229652D21002C5B86 = {
						CreatedOnToolsVersion = 14.2;
					};
					C927E69829652D23002C5B86 = {
						CreatedOnToolsVersion = 14.2;
						TestTargetID = C927E68229652D21002C5B86;
					};
					C927E6A229652D23002C5B86 = {
						CreatedOnToolsVersion = 14.2;
						TestTargetID = C927E68229652D21002C5B86;
					};
				};
			};
			buildConfigurationList = C927E67E29652D21002C5B86 /* Build configuration list for PBXProject "Remember Spelling" */;
			compatibilityVersion = "Xcode 14.0";
			developmentRegion = en;
			hasScannedForEncodings = 0;
			knownRegions = (
				en,
				Base,
			);
			mainGroup = C927E67A29652D21002C5B86;
			productRefGroup = C927E68429652D21002C5B86 /* Products */;
			projectDirPath = "";
			projectRoot = "";
			targets = (
				C927E68229652D21002C5B86 /* Remember Spelling */,
				C927E69829652D23002C5B86 /* Remember SpellingTests */,
				C927E6A229652D23002C5B86 /* Remember SpellingUITests */,
			);
		};
/* End PBXProject section */

/* Begin PBXResourcesBuildPhase section */
		C927E68129652D21002C5B86 /* Resources */ = {
			isa = PBXResourcesBuildPhase;
			buildActionMask = 2147483647;
			files = (
				C927E69329652D22002C5B86 /* LaunchScreen.storyboard in Resources */,
				C927E69029652D22002C5B86 /* Assets.xcassets in Resources */,
				C927E6BB29668718002C5B86 /* CollectionViewCell.xib in Resources */,
				C927E68E29652D21002C5B86 /* Main.storyboard in Resources */,
			);
			runOnlyForDeploymentPostprocessing = 0;
		};
		C927E69729652D23002C5B86 /* Resources */ = {
			isa = PBXResourcesBuildPhase;
			buildActionMask = 2147483647;
			files = (
			);
			runOnlyForDeploymentPostprocessing = 0;
		};
		C927E6A129652D23002C5B86 /* Resources */ = {
			isa = PBXResourcesBuildPhase;
			buildActionMask = 2147483647;
			files = (
			);
			runOnlyForDeploymentPostprocessing = 0;
		};
/* End PBXResourcesBuildPhase section */

/* Begin PBXSourcesBuildPhase section */
		C927E67F29652D21002C5B86 /* Sources */ = {
			isa = PBXSourcesBuildPhase;
			buildActionMask = 2147483647;
			files = (
				C927E68729652D21002C5B86 /* AppDelegate.swift in Sources */,
				C927E6BA29668718002C5B86 /* CollectionViewCell.swift in Sources */,
				C9271C2629688A0F000FA9AE /* ViewController.swift in Sources */,
				C927E68929652D21002C5B86 /* SceneDelegate.swift in Sources */,
			);
			runOnlyForDeploymentPostprocessing = 0;
		};
		C927E69529652D23002C5B86 /* Sources */ = {
			isa = PBXSourcesBuildPhase;
			buildActionMask = 2147483647;
			files = (
				C927E69E29652D23002C5B86 /* Remember_SpellingTests.swift in Sources */,
			);
			runOnlyForDeploymentPostprocessing = 0;
		};
		C927E69F29652D23002C5B86 /* Sources */ = {
			isa = PBXSourcesBuildPhase;
			buildActionMask = 2147483647;
			files = (
				C927E6A829652D23002C5B86 /* Remember_SpellingUITests.swift in Sources */,
				C927E6AA29652D23002C5B86 /* Remember_SpellingUITestsLaunchTests.swift in Sources */,
			);
			runOnlyForDeploymentPostprocessing = 0;
		};
/* End PBXSourcesBuildPhase section */

/* Begin PBXTargetDependency section */
		C927E69B29652D23002C5B86 /* PBXTargetDependency */ = {
			isa = PBXTargetDependency;
			target = C927E68229652D21002C5B86 /* Remember Spelling */;
			targetProxy = C927E69A29652D23002C5B86 /* PBXContainerItemProxy */;
		};
		C927E6A529652D23002C5B86 /* PBXTargetDependency */ = {
			isa = PBXTargetDependency;
			target = C927E68229652D21002C5B86 /* Remember Spelling */;
			targetProxy = C927E6A429652D23002C5B86 /* PBXContainerItemProxy */;
		};
/* End PBXTargetDependency section */

/* Begin PBXVariantGroup section */
		C927E68C29652D21002C5B86 /* Main.storyboard */ = {
			isa = PBXVariantGroup;
			children = (
				C927E68D29652D21002C5B86 /* Base */,
			);
			name = Main.storyboard;
			sourceTree = "<group>";
		};
		C927E69129652D22002C5B86 /* LaunchScreen.storyboard */ = {
			isa = PBXVariantGroup;
			children = (
				C927E69229652D22002C5B86 /* Base */,
			);
			name = LaunchScreen.storyboard;
			sourceTree = "<group>";
		};
/* End PBXVariantGroup section */

/* Begin XCBuildConfiguration section */
		C927E6AB29652D23002C5B86 /* Debug */ = {
			isa = XCBuildConfiguration;
			buildSettings = {
				ALWAYS_SEARCH_USER_PATHS = NO;
				CLANG_ANALYZER_NONNULL = YES;
				CLANG_ANALYZER_NUMBER_OBJECT_CONVERSION = YES_AGGRESSIVE;
				CLANG_CXX_LANGUAGE_STANDARD = "gnu++20";
				CLANG_ENABLE_MODULES = YES;
				CLANG_ENABLE_OBJC_ARC = YES;
				CLANG_ENABLE_OBJC_WEAK = YES;
				CLANG_WARN_BLOCK_CAPTURE_AUTORELEASING = YES;
				CLANG_WARN_BOOL_CONVERSION = YES;
				CLANG_WARN_COMMA = YES;
				CLANG_WARN_CONSTANT_CONVERSION = YES;
				CLANG_WARN_DEPRECATED_OBJC_IMPLEMENTATIONS = YES;
				CLANG_WARN_DIRECT_OBJC_ISA_USAGE = YES_ERROR;
				CLANG_WARN_DOCUMENTATION_COMMENTS = YES;
				CLANG_WARN_EMPTY_BODY = YES;
				CLANG_WARN_ENUM_CONVERSION = YES;
				CLANG_WARN_INFINITE_RECURSION = YES;
				CLANG_WARN_INT_CONVERSION = YES;
				CLANG_WARN_NON_LITERAL_NULL_CONVERSION = YES;
				CLANG_WARN_OBJC_IMPLICIT_RETAIN_SELF = YES;
				CLANG_WARN_OBJC_LITERAL_CONVERSION = YES;
				CLANG_WARN_OBJC_ROOT_CLASS = YES_ERROR;
				CLANG_WARN_QUOTED_INCLUDE_IN_FRAMEWORK_HEADER = YES;
				CLANG_WARN_RANGE_LOOP_ANALYSIS = YES;
				CLANG_WARN_STRICT_PROTOTYPES = YES;
				CLANG_WARN_SUSPICIOUS_MOVE = YES;
				CLANG_WARN_UNGUARDED_AVAILABILITY = YES_AGGRESSIVE;
				CLANG_WARN_UNREACHABLE_CODE = YES;
				CLANG_WARN__DUPLICATE_METHOD_MATCH = YES;
				COPY_PHASE_STRIP = NO;
				DEBUG_INFORMATION_FORMAT = dwarf;
				ENABLE_STRICT_OBJC_MSGSEND = YES;
				ENABLE_TESTABILITY = YES;
				GCC_C_LANGUAGE_STANDARD = gnu11;
				GCC_DYNAMIC_NO_PIC = NO;
				GCC_NO_COMMON_BLOCKS = YES;
				GCC_OPTIMIZATION_LEVEL = 0;
				GCC_PREPROCESSOR_DEFINITIONS = (
					"DEBUG=1",
					"$(inherited)",
				);
				GCC_WARN_64_TO_32_BIT_CONVERSION = YES;
				GCC_WARN_ABOUT_RETURN_TYPE = YES_ERROR;
				GCC_WARN_UNDECLARED_SELECTOR = YES;
				GCC_WARN_UNINITIALIZED_AUTOS = YES_AGGRESSIVE;
				GCC_WARN_UNUSED_FUNCTION = YES;
				GCC_WARN_UNUSED_VARIABLE = YES;
				IPHONEOS_DEPLOYMENT_TARGET = 16.2;
				MTL_ENABLE_DEBUG_INFO = INCLUDE_SOURCE;
				MTL_FAST_MATH = YES;
				ONLY_ACTIVE_ARCH = YES;
				SDKROOT = iphoneos;
				SWIFT_ACTIVE_COMPILATION_CONDITIONS = DEBUG;
				SWIFT_OPTIMIZATION_LEVEL = "-Onone";
			};
			name = Debug;
		};
		C927E6AC29652D23002C5B86 /* Release */ = {
			isa = XCBuildConfiguration;
			buildSettings = {
				ALWAYS_SEARCH_USER_PATHS = NO;
				CLANG_ANALYZER_NONNULL = YES;
				CLANG_ANALYZER_NUMBER_OBJECT_CONVERSION = YES_AGGRESSIVE;
				CLANG_CXX_LANGUAGE_STANDARD = "gnu++20";
				CLANG_ENABLE_MODULES = YES;
				CLANG_ENABLE_OBJC_ARC = YES;
				CLANG_ENABLE_OBJC_WEAK = YES;
				CLANG_WARN_BLOCK_CAPTURE_AUTORELEASING = YES;
				CLANG_WARN_BOOL_CONVERSION = YES;
				CLANG_WARN_COMMA = YES;
				CLANG_WARN_CONSTANT_CONVERSION = YES;
				CLANG_WARN_DEPRECATED_OBJC_IMPLEMENTATIONS = YES;
				CLANG_WARN_DIRECT_OBJC_ISA_USAGE = YES_ERROR;
				CLANG_WARN_DOCUMENTATION_COMMENTS = YES;
				CLANG_WARN_EMPTY_BODY = YES;
				CLANG_WARN_ENUM_CONVERSION = YES;
				CLANG_WARN_INFINITE_RECURSION = YES;
				CLANG_WARN_INT_CONVERSION = YES;
				CLANG_WARN_NON_LITERAL_NULL_CONVERSION = YES;
				CLANG_WARN_OBJC_IMPLICIT_RETAIN_SELF = YES;
				CLANG_WARN_OBJC_LITERAL_CONVERSION = YES;
				CLANG_WARN_OBJC_ROOT_CLASS = YES_ERROR;
				CLANG_WARN_QUOTED_INCLUDE_IN_FRAMEWORK_HEADER = YES;
				CLANG_WARN_RANGE_LOOP_ANALYSIS = YES;
				CLANG_WARN_STRICT_PROTOTYPES = YES;
				CLANG_WARN_SUSPICIOUS_MOVE = YES;
				CLANG_WARN_UNGUARDED_AVAILABILITY = YES_AGGRESSIVE;
				CLANG_WARN_UNREACHABLE_CODE = YES;
				CLANG_WARN__DUPLICATE_METHOD_MATCH = YES;
				COPY_PHASE_STRIP = NO;
				DEBUG_INFORMATION_FORMAT = "dwarf-with-dsym";
				ENABLE_NS_ASSERTIONS = NO;
				ENABLE_STRICT_OBJC_MSGSEND = YES;
				GCC_C_LANGUAGE_STANDARD = gnu11;
				GCC_NO_COMMON_BLOCKS = YES;
				GCC_WARN_64_TO_32_BIT_CONVERSION = YES;
				GCC_WARN_ABOUT_RETURN_TYPE = YES_ERROR;
				GCC_WARN_UNDECLARED_SELECTOR = YES;
				GCC_WARN_UNINITIALIZED_AUTOS = YES_AGGRESSIVE;
				GCC_WARN_UNUSED_FUNCTION = YES;
				GCC_WARN_UNUSED_VARIABLE = YES;
				IPHONEOS_DEPLOYMENT_TARGET = 16.2;
				MTL_ENABLE_DEBUG_INFO = NO;
				MTL_FAST_MATH = YES;
				SDKROOT = iphoneos;
				SWIFT_COMPILATION_MODE = wholemodule;
				SWIFT_OPTIMIZATION_LEVEL = "-O";
				VALIDATE_PRODUCT = YES;
			};
			name = Release;
		};
		C927E6AE29652D23002C5B86 /* Debug */ = {
			isa = XCBuildConfiguration;
			buildSettings = {
				ASSETCATALOG_COMPILER_APPICON_NAME = AppIcon;
				ASSETCATALOG_COMPILER_GLOBAL_ACCENT_COLOR_NAME = AccentColor;
				CODE_SIGN_STYLE = Automatic;
				CURRENT_PROJECT_VERSION = 1;
				GENERATE_INFOPLIST_FILE = YES;
				INFOPLIST_FILE = "Remember Spelling/Info.plist";
				INFOPLIST_KEY_UIApplicationSupportsIndirectInputEvents = YES;
				INFOPLIST_KEY_UILaunchStoryboardName = LaunchScreen;
				INFOPLIST_KEY_UIMainStoryboardFile = Main;
				INFOPLIST_KEY_UISupportedInterfaceOrientations_iPad = "UIInterfaceOrientationPortrait UIInterfaceOrientationPortraitUpsideDown UIInterfaceOrientationLandscapeLeft UIInterfaceOrientationLandscapeRight";
				INFOPLIST_KEY_UISupportedInterfaceOrientations_iPhone = "UIInterfaceOrientationPortrait UIInterfaceOrientationLandscapeLeft UIInterfaceOrientationLandscapeRight";
				LD_RUNPATH_SEARCH_PATHS = (
					"$(inherited)",
					"@executable_path/Frameworks",
				);
				MARKETING_VERSION = 1.0;
				PRODUCT_BUNDLE_IDENTIFIER = "profile.Remember-Spelling";
				PRODUCT_NAME = "$(TARGET_NAME)";
				SWIFT_EMIT_LOC_STRINGS = YES;
				SWIFT_VERSION = 5.0;
				TARGETED_DEVICE_FAMILY = "1,2";
			};
			name = Debug;
		};
		C927E6AF29652D23002C5B86 /* Release */ = {
			isa = XCBuildConfiguration;
			buildSettings = {
				ASSETCATALOG_COMPILER_APPICON_NAME = AppIcon;
				ASSETCATALOG_COMPILER_GLOBAL_ACCENT_COLOR_NAME = AccentColor;
				CODE_SIGN_STYLE = Automatic;
				CURRENT_PROJECT_VERSION = 1;
				GENERATE_INFOPLIST_FILE = YES;
				INFOPLIST_FILE = "Remember Spelling/Info.plist";
				INFOPLIST_KEY_UIApplicationSupportsIndirectInputEvents = YES;
				INFOPLIST_KEY_UILaunchStoryboardName = LaunchScreen;
				INFOPLIST_KEY_UIMainStoryboardFile = Main;
				INFOPLIST_KEY_UISupportedInterfaceOrientations_iPad = "UIInterfaceOrientationPortrait UIInterfaceOrientationPortraitUpsideDown UIInterfaceOrientationLandscapeLeft UIInterfaceOrientationLandscapeRight";
				INFOPLIST_KEY_UISupportedInterfaceOrientations_iPhone = "UIInterfaceOrientationPortrait UIInterfaceOrientationLandscapeLeft UIInterfaceOrientationLandscapeRight";
				LD_RUNPATH_SEARCH_PATHS = (
					"$(inherited)",
					"@executable_path/Frameworks",
				);
				MARKETING_VERSION = 1.0;
				PRODUCT_BUNDLE_IDENTIFIER = "profile.Remember-Spelling";
				PRODUCT_NAME = "$(TARGET_NAME)";
				SWIFT_EMIT_LOC_STRINGS = YES;
				SWIFT_VERSION = 5.0;
				TARGETED_DEVICE_FAMILY = "1,2";
			};
			name = Release;
		};
		C927E6B129652D23002C5B86 /* Debug */ = {
			isa = XCBuildConfiguration;
			buildSettings = {
				ALWAYS_EMBED_SWIFT_STANDARD_LIBRARIES = YES;
				BUNDLE_LOADER = "$(TEST_HOST)";
				CODE_SIGN_STYLE = Automatic;
				CURRENT_PROJECT_VERSION = 1;
				GENERATE_INFOPLIST_FILE = YES;
				IPHONEOS_DEPLOYMENT_TARGET = 16.2;
				MARKETING_VERSION = 1.0;
				PRODUCT_BUNDLE_IDENTIFIER = "profile.Remember-SpellingTests";
				PRODUCT_NAME = "$(TARGET_NAME)";
				SWIFT_EMIT_LOC_STRINGS = NO;
				SWIFT_VERSION = 5.0;
				TARGETED_DEVICE_FAMILY = "1,2";
				TEST_HOST = "$(BUILT_PRODUCTS_DIR)/Remember Spelling.app/$(BUNDLE_EXECUTABLE_FOLDER_PATH)/Remember Spelling";
			};
			name = Debug;
		};
		C927E6B229652D23002C5B86 /* Release */ = {
			isa = XCBuildConfiguration;
			buildSettings = {
				ALWAYS_EMBED_SWIFT_STANDARD_LIBRARIES = YES;
				BUNDLE_LOADER = "$(TEST_HOST)";
				CODE_SIGN_STYLE = Automatic;
				CURRENT_PROJECT_VERSION = 1;
				GENERATE_INFOPLIST_FILE = YES;
				IPHONEOS_DEPLOYMENT_TARGET = 16.2;
				MARKETING_VERSION = 1.0;
				PRODUCT_BUNDLE_IDENTIFIER = "profile.Remember-SpellingTests";
				PRODUCT_NAME = "$(TARGET_NAME)";
				SWIFT_EMIT_LOC_STRINGS = NO;
				SWIFT_VERSION = 5.0;
				TARGETED_DEVICE_FAMILY = "1,2";
				TEST_HOST = "$(BUILT_PRODUCTS_DIR)/Remember Spelling.app/$(BUNDLE_EXECUTABLE_FOLDER_PATH)/Remember Spelling";
			};
			name = Release;
		};
		C927E6B429652D23002C5B86 /* Debug */ = {
			isa = XCBuildConfiguration;
			buildSettings = {
				ALWAYS_EMBED_SWIFT_STANDARD_LIBRARIES = YES;
				CODE_SIGN_STYLE = Automatic;
				CURRENT_PROJECT_VERSION = 1;
				GENERATE_INFOPLIST_FILE = YES;
				MARKETING_VERSION = 1.0;
				PRODUCT_BUNDLE_IDENTIFIER = "profile.Remember-SpellingUITests";
				PRODUCT_NAME = "$(TARGET_NAME)";
				SWIFT_EMIT_LOC_STRINGS = NO;
				SWIFT_VERSION = 5.0;
				TARGETED_DEVICE_FAMILY = "1,2";
				TEST_TARGET_NAME = "Remember Spelling";
			};
			name = Debug;
		};
		C927E6B529652D23002C5B86 /* Release */ = {
			isa = XCBuildConfiguration;
			buildSettings = {
				ALWAYS_EMBED_SWIFT_STANDARD_LIBRARIES = YES;
				CODE_SIGN_STYLE = Automatic;
				CURRENT_PROJECT_VERSION = 1;
				GENERATE_INFOPLIST_FILE = YES;
				MARKETING_VERSION = 1.0;
				PRODUCT_BUNDLE_IDENTIFIER = "profile.Remember-SpellingUITests";
				PRODUCT_NAME = "$(TARGET_NAME)";
				SWIFT_EMIT_LOC_STRINGS = NO;
				SWIFT_VERSION = 5.0;
				TARGETED_DEVICE_FAMILY = "1,2";
				TEST_TARGET_NAME = "Remember Spelling";
			};
			name = Release;
		};
/* End XCBuildConfiguration section */

/* Begin XCConfigurationList section */
		C927E67E29652D21002C5B86 /* Build configuration list for PBXProject "Remember Spelling" */ = {
			isa = XCConfigurationList;
			buildConfigurations = (
				C927E6AB29652D23002C5B86 /* Debug */,
				C927E6AC29652D23002C5B86 /* Release */,
			);
			defaultConfigurationIsVisible = 0;
			defaultConfigurationName = Release;
		};
		C927E6AD29652D23002C5B86 /* Build configuration list for PBXNativeTarget "Remember Spelling" */ = {
			isa = XCConfigurationList;
			buildConfigurations = (
				C927E6AE29652D23002C5B86 /* Debug */,
				C927E6AF29652D23002C5B86 /* Release */,
			);
			defaultConfigurationIsVisible = 0;
			defaultConfigurationName = Release;
		};
		C927E6B029652D23002C5B86 /* Build configuration list for PBXNativeTarget "Remember SpellingTests" */ = {
			isa = XCConfigurationList;
			buildConfigurations = (
				C927E6B129652D23002C5B86 /* Debug */,
				C927E6B229652D23002C5B86 /* Release */,
			);
			defaultConfigurationIsVisible = 0;
			defaultConfigurationName = Release;
		};
		C927E6B329652D23002C5B86 /* Build configuration list for PBXNativeTarget "Remember SpellingUITests" */ = {
			isa = XCConfigurationList;
			buildConfigurations = (
				C927E6B429652D23002C5B86 /* Debug */,
				C927E6B529652D23002C5B86 /* Release */,
			);
			defaultConfigurationIsVisible = 0;
			defaultConfigurationName = Release;
		};
/* End XCConfigurationList section */
	};
	rootObject = C927E67B29652D21002C5B86 /* Project object */;
}
